
Microsoft Visual Studio Solution File, Format Version 12.00
# Visual Studio Version 17
VisualStudioVersion = 17.9.34701.34
MinimumVisualStudioVersion = 10.0.40219.1
Project("{9A19103F-16F7-4668-BE54-9A1E7A4F7556}") = "ASP_Lr9", "ASP_Lr9\ASP_Lr9.csproj", "{92445EDF-6997-4849-B8DD-625A71BFFC59}"
EndProject
Global
	GlobalSection(SolutionConfigurationPlatforms) = preSolution
		Debug|Any CPU = Debug|Any CPU
		Release|Any CPU = Release|Any CPU
	EndGlobalSection
	GlobalSection(ProjectConfigurationPlatforms) = postSolution
		{92445EDF-6997-4849-B8DD-625A71BFFC59}.Debug|Any CPU.ActiveCfg = Debug|Any CPU
		{92445EDF-6997-4849-B8DD-625A71BFFC59}.Debug|Any CPU.Build.0 = Debug|Any CPU
		{92445EDF-6997-4849-B8DD-625A71BFFC59}.Release|Any CPU.ActiveCfg = Release|Any CPU
		{92445EDF-6997-4849-B8DD-625A71BFFC59}.Release|Any CPU.Build.0 = Release|Any CPU
	EndGlobalSection
	GlobalSection(SolutionProperties) = preSolution
		HideSolutionNode = FALSE
	EndGlobalSection
	GlobalSection(ExtensibilityGlobals) = postSolution
		SolutionGuid = {35484A5D-9CBF-4C95-8675-2A112F0210FC}
	EndGlobalSection
EndGlobal
